// !$*UTF8*$!
{
	archiveVersion = 1;
	classes = {
	};
	objectVersion = 56;
	objects = {

/* Begin PBXBuildFile section */
		A36961CF2A2EF0D900C283A4 /* AppDelegate.swift in Sources */ = {isa = PBXBuildFile; fileRef = A36961CE2A2EF0D900C283A4 /* AppDelegate.swift */; };
		A36961D12A2EF0D900C283A4 /* SceneDelegate.swift in Sources */ = {isa = PBXBuildFile; fileRef = A36961D02A2EF0D900C283A4 /* SceneDelegate.swift */; };
		A36961D32A2EF0D900C283A4 /* ViewController.swift in Sources */ = {isa = PBXBuildFile; fileRef = A36961D22A2EF0D900C283A4 /* ViewController.swift */; };
		A36961D62A2EF0D900C283A4 /* Main.storyboard in Resources */ = {isa = PBXBuildFile; fileRef = A36961D42A2EF0D900C283A4 /* Main.storyboard */; };
		A36961D82A2EF0DA00C283A4 /* Assets.xcassets in Resources */ = {isa = PBXBuildFile; fileRef = A36961D72A2EF0DA00C283A4 /* Assets.xcassets */; };
		A36961DB2A2EF0DA00C283A4 /* LaunchScreen.storyboard in Resources */ = {isa = PBXBuildFile; fileRef = A36961D92A2EF0DA00C283A4 /* LaunchScreen.storyboard */; };
		A36961E62A2EF0DA00C283A4 /* MapTests.swift in Sources */ = {isa = PBXBuildFile; fileRef = A36961E52A2EF0DA00C283A4 /* MapTests.swift */; };
		A36961F02A2EF0DA00C283A4 /* MapUITests.swift in Sources */ = {isa = PBXBuildFile; fileRef = A36961EF2A2EF0DA00C283A4 /* MapUITests.swift */; };
		A36961F22A2EF0DA00C283A4 /* MapUITestsLaunchTests.swift in Sources */ = {isa = PBXBuildFile; fileRef = A36961F12A2EF0DA00C283A4 /* MapUITestsLaunchTests.swift */; };
/* End PBXBuildFile section */

/* Begin PBXContainerItemProxy section */
		A36961E22A2EF0DA00C283A4 /* PBXContainerItemProxy */ = {
			isa = PBXContainerItemProxy;
			containerPortal = A36961C32A2EF0D900C283A4 /* Project object */;
			proxyType = 1;
			remoteGlobalIDString = A36961CA2A2EF0D900C283A4;
			remoteInfo = Map;
		};
		A36961EC2A2EF0DA00C283A4 /* PBXContainerItemProxy */ = {
			isa = PBXContainerItemProxy;
			containerPortal = A36961C32A2EF0D900C283A4 /* Project object */;
			proxyType = 1;
			remoteGlobalIDString = A36961CA2A2EF0D900C283A4;
			remoteInfo = Map;
		};
/* End PBXContainerItemProxy section */

/* Begin PBXFileReference section */
		A36961CB2A2EF0D900C283A4 /* Map.app */ = {isa = PBXFileReference; explicitFileType = wrapper.application; includeInIndex = 0; path = Map.app; sourceTree = BUILT_PRODUCTS_DIR; };
		A36961CE2A2EF0D900C283A4 /* AppDelegate.swift */ = {isa = PBXFileReference; lastKnownFileType = sourcecode.swift; path = AppDelegate.swift; sourceTree = "<group>"; };
		A36961D02A2EF0D900C283A4 /* SceneDelegate.swift */ = {isa = PBXFileReference; lastKnownFileType = sourcecode.swift; path = SceneDelegate.swift; sourceTree = "<group>"; };
		A36961D22A2EF0D900C283A4 /* ViewController.swift */ = {isa = PBXFileReference; lastKnownFileType = sourcecode.swift; path = ViewController.swift; sourceTree = "<group>"; };
		A36961D52A2EF0D900C283A4 /* Base */ = {isa = PBXFileReference; lastKnownFileType = file.storyboard; name = Base; path = Base.lproj/Main.storyboard; sourceTree = "<group>"; };
		A36961D72A2EF0DA00C283A4 /* Assets.xcassets */ = {isa = PBXFileReference; lastKnownFileType = folder.assetcatalog; path = Assets.xcassets; sourceTree = "<group>"; };
		A36961DA2A2EF0DA00C283A4 /* Base */ = {isa = PBXFileReference; lastKnownFileType = file.storyboard; name = Base; path = Base.lproj/LaunchScreen.storyboard; sourceTree = "<group>"; };
		A36961DC2A2EF0DA00C283A4 /* Info.plist */ = {isa = PBXFileReference; lastKnownFileType = text.plist.xml; path = Info.plist; sourceTree = "<group>"; };
		A36961E12A2EF0DA00C283A4 /* MapTests.xctest */ = {isa = PBXFileReference; explicitFileType = wrapper.cfbundle; includeInIndex = 0; path = MapTests.xctest; sourceTree = BUILT_PRODUCTS_DIR; };
		A36961E52A2EF0DA00C283A4 /* MapTests.swift */ = {isa = PBXFileReference; lastKnownFileType = sourcecode.swift; path = MapTests.swift; sourceTree = "<group>"; };
		A36961EB2A2EF0DA00C283A4 /* MapUITests.xctest */ = {isa = PBXFileReference; explicitFileType = wrapper.cfbundle; includeInIndex = 0; path = MapUITests.xctest; sourceTree = BUILT_PRODUCTS_DIR; };
		A36961EF2A2EF0DA00C283A4 /* MapUITests.swift */ = {isa = PBXFileReference; lastKnownFileType = sourcecode.swift; path = MapUITests.swift; sourceTree = "<group>"; };
		A36961F12A2EF0DA00C283A4 /* MapUITestsLaunchTests.swift */ = {isa = PBXFileReference; lastKnownFileType = sourcecode.swift; path = MapUITestsLaunchTests.swift; sourceTree = "<group>"; };
/* End PBXFileReference section */

/* Begin PBXFrameworksBuildPhase section */
		A36961C82A2EF0D900C283A4 /* Frameworks */ = {
			isa = PBXFrameworksBuildPhase;
			buildActionMask = 2147483647;
			files = (
			);
			runOnlyForDeploymentPostprocessing = 0;
		};
		A36961DE2A2EF0DA00C283A4 /* Frameworks */ = {
			isa = PBXFrameworksBuildPhase;
			buildActionMask = 2147483647;
			files = (
			);
			runOnlyForDeploymentPostprocessing = 0;
		};
		A36961E82A2EF0DA00C283A4 /* Frameworks */ = {
			isa = PBXFrameworksBuildPhase;
			buildActionMask = 2147483647;
			files = (
			);
			runOnlyForDeploymentPostprocessing = 0;
		};
/* End PBXFrameworksBuildPhase section */

/* Begin PBXGroup section */
		A36961C22A2EF0D900C283A4 = {
			isa = PBXGroup;
			children = (
				A36961CD2A2EF0D900C283A4 /* Map */,
				A36961E42A2EF0DA00C283A4 /* MapTests */,
				A36961EE2A2EF0DA00C283A4 /* MapUITests */,
				A36961CC2A2EF0D900C283A4 /* Products */,
			);
			sourceTree = "<group>";
		};
		A36961CC2A2EF0D900C283A4 /* Products */ = {
			isa = PBXGroup;
			children = (
				A36961CB2A2EF0D900C283A4 /* Map.app */,
				A36961E12A2EF0DA00C283A4 /* MapTests.xctest */,
				A36961EB2A2EF0DA00C283A4 /* MapUITests.xctest */,
			);
			name = Products;
			sourceTree = "<group>";
		};
		A36961CD2A2EF0D900C283A4 /* Map */ = {
			isa = PBXGroup;
			children = (
				A36961CE2A2EF0D900C283A4 /* AppDelegate.swift */,
				A36961D02A2EF0D900C283A4 /* SceneDelegate.swift */,
				A36961D22A2EF0D900C283A4 /* ViewController.swift */,
				A36961D42A2EF0D900C283A4 /* Main.storyboard */,
				A36961D72A2EF0DA00C283A4 /* Assets.xcassets */,
				A36961D92A2EF0DA00C283A4 /* LaunchScreen.storyboard */,
				A36961DC2A2EF0DA00C283A4 /* Info.plist */,
			);
			path = Map;
			sourceTree = "<group>";
		};
		A36961E42A2EF0DA00C283A4 /* MapTests */ = {
			isa = PBXGroup;
			children = (
				A36961E52A2EF0DA00C283A4 /* MapTests.swift */,
			);
			path = MapTests;
			sourceTree = "<group>";
		};
		A36961EE2A2EF0DA00C283A4 /* MapUITests */ = {
			isa = PBXGroup;
			children = (
				A36961EF2A2EF0DA00C283A4 /* MapUITests.swift */,
				A36961F12A2EF0DA00C283A4 /* MapUITestsLaunchTests.swift */,
			);
			path = MapUITests;
			sourceTree = "<group>";
		};
/* End PBXGroup section */

/* Begin PBXNativeTarget section */
		A36961CA2A2EF0D900C283A4 /* Map */ = {
			isa = PBXNativeTarget;
			buildConfigurationList = A36961F52A2EF0DA00C283A4 /* Build configuration list for PBXNativeTarget "Map" */;
			buildPhases = (
				A36961C72A2EF0D900C283A4 /* Sources */,
				A36961C82A2EF0D900C283A4 /* Frameworks */,
				A36961C92A2EF0D900C283A4 /* Resources */,
			);
			buildRules = (
			);
			dependencies = (
			);
			name = Map;
			productName = Map;
			productReference = A36961CB2A2EF0D900C283A4 /* Map.app */;
			productType = "com.apple.product-type.application";
		};
		A36961E02A2EF0DA00C283A4 /* MapTests */ = {
			isa = PBXNativeTarget;
			buildConfigurationList = A36961F82A2EF0DA00C283A4 /* Build configuration list for PBXNativeTarget "MapTests" */;
			buildPhases = (
				A36961DD2A2EF0DA00C283A4 /* Sources */,
				A36961DE2A2EF0DA00C283A4 /* Frameworks */,
				A36961DF2A2EF0DA00C283A4 /* Resources */,
			);
			buildRules = (
			);
			dependencies = (
				A36961E32A2EF0DA00C283A4 /* PBXTargetDependency */,
			);
			name = MapTests;
			productName = MapTests;
			productReference = A36961E12A2EF0DA00C283A4 /* MapTests.xctest */;
			productType = "com.apple.product-type.bundle.unit-test";
		};
		A36961EA2A2EF0DA00C283A4 /* MapUITests */ = {
			isa = PBXNativeTarget;
			buildConfigurationList = A36961FB2A2EF0DA00C283A4 /* Build configuration list for PBXNativeTarget "MapUITests" */;
			buildPhases = (
				A36961E72A2EF0DA00C283A4 /* Sources */,
				A36961E82A2EF0DA00C283A4 /* Frameworks */,
				A36961E92A2EF0DA00C283A4 /* Resources */,
			);
			buildRules = (
			);
			dependencies = (
				A36961ED2A2EF0DA00C283A4 /* PBXTargetDependency */,
			);
			name = MapUITests;
			productName = MapUITests;
			productReference = A36961EB2A2EF0DA00C283A4 /* MapUITests.xctest */;
			productType = "com.apple.product-type.bundle.ui-testing";
		};
/* End PBXNativeTarget section */

/* Begin PBXProject section */
		A36961C32A2EF0D900C283A4 /* Project object */ = {
			isa = PBXProject;
			attributes = {
				BuildIndependentTargetsInParallel = 1;
				LastSwiftUpdateCheck = 1420;
				LastUpgradeCheck = 1420;
				TargetAttributes = {
					A36961CA2A2EF0D900C283A4 = {
						CreatedOnToolsVersion = 14.2;
					};
					A36961E02A2EF0DA00C283A4 = {
						CreatedOnToolsVersion = 14.2;
						TestTargetID = A36961CA2A2EF0D900C283A4;
					};
					A36961EA2A2EF0DA00C283A4 = {
						CreatedOnToolsVersion = 14.2;
						TestTargetID = A36961CA2A2EF0D900C283A4;
					};
				};
			};
			buildConfigurationList = A36961C62A2EF0D900C283A4 /* Build configuration list for PBXProject "Map" */;
			compatibilityVersion = "Xcode 14.0";
			developmentRegion = en;
			hasScannedForEncodings = 0;
			knownRegions = (
				en,
				Base,
			);
			mainGroup = A36961C22A2EF0D900C283A4;
			productRefGroup = A36961CC2A2EF0D900C283A4 /* Products */;
			projectDirPath = "";
			projectRoot = "";
			targets = (
				A36961CA2A2EF0D900C283A4 /* Map */,
				A36961E02A2EF0DA00C283A4 /* MapTests */,
				A36961EA2A2EF0DA00C283A4 /* MapUITests */,
			);
		};
/* End PBXProject section */

/* Begin PBXResourcesBuildPhase section */
		A36961C92A2EF0D900C283A4 /* Resources */ = {
			isa = PBXResourcesBuildPhase;
			buildActionMask = 2147483647;
			files = (
				A36961DB2A2EF0DA00C283A4 /* LaunchScreen.storyboard in Resources */,
				A36961D82A2EF0DA00C283A4 /* Assets.xcassets in Resources */,
				A36961D62A2EF0D900C283A4 /* Main.storyboard in Resources */,
			);
			runOnlyForDeploymentPostprocessing = 0;
		};
		A36961DF2A2EF0DA00C283A4 /* Resources */ = {
			isa = PBXResourcesBuildPhase;
			buildActionMask = 2147483647;
			files = (
			);
			runOnlyForDeploymentPostprocessing = 0;
		};
		A36961E92A2EF0DA00C283A4 /* Resources */ = {
			isa = PBXResourcesBuildPhase;
			buildActionMask = 2147483647;
			files = (
			);
			runOnlyForDeploymentPostprocessing = 0;
		};
/* End PBXResourcesBuildPhase section */

/* Begin PBXSourcesBuildPhase section */
		A36961C72A2EF0D900C283A4 /* Sources */ = {
			isa = PBXSourcesBuildPhase;
			buildActionMask = 2147483647;
			files = (
				A36961D32A2EF0D900C283A4 /* ViewController.swift in Sources */,
				A36961CF2A2EF0D900C283A4 /* AppDelegate.swift in Sources */,
				A36961D12A2EF0D900C283A4 /* SceneDelegate.swift in Sources */,
			);
			runOnlyForDeploymentPostprocessing = 0;
		};
		A36961DD2A2EF0DA00C283A4 /* Sources */ = {
			isa = PBXSourcesBuildPhase;
			buildActionMask = 2147483647;
			files = (
				A36961E62A2EF0DA00C283A4 /* MapTests.swift in Sources */,
			);
			runOnlyForDeploymentPostprocessing = 0;
		};
		A36961E72A2EF0DA00C283A4 /* Sources */ = {
			isa = PBXSourcesBuildPhase;
			buildActionMask = 2147483647;
			files = (
				A36961F02A2EF0DA00C283A4 /* MapUITests.swift in Sources */,
				A36961F22A2EF0DA00C283A4 /* MapUITestsLaunchTests.swift in Sources */,
			);
			runOnlyForDeploymentPostprocessing = 0;
		};
/* End PBXSourcesBuildPhase section */

/* Begin PBXTargetDependency section */
		A36961E32A2EF0DA00C283A4 /* PBXTargetDependency */ = {
			isa = PBXTargetDependency;
			target = A36961CA2A2EF0D900C283A4 /* Map */;
			targetProxy = A36961E22A2EF0DA00C283A4 /* PBXContainerItemProxy */;
		};
		A36961ED2A2EF0DA00C283A4 /* PBXTargetDependency */ = {
			isa = PBXTargetDependency;
			target = A36961CA2A2EF0D900C283A4 /* Map */;
			targetProxy = A36961EC2A2EF0DA00C283A4 /* PBXContainerItemProxy */;
		};
/* End PBXTargetDependency section */

/* Begin PBXVariantGroup section */
		A36961D42A2EF0D900C283A4 /* Main.storyboard */ = {
			isa = PBXVariantGroup;
			children = (
				A36961D52A2EF0D900C283A4 /* Base */,
			);
			name = Main.storyboard;
			sourceTree = "<group>";
		};
		A36961D92A2EF0DA00C283A4 /* LaunchScreen.storyboard */ = {
			isa = PBXVariantGroup;
			children = (
				A36961DA2A2EF0DA00C283A4 /* Base */,
			);
			name = LaunchScreen.storyboard;
			sourceTree = "<group>";
		};
/* End PBXVariantGroup section */

/* Begin XCBuildConfiguration section */
		A36961F32A2EF0DA00C283A4 /* Debug */ = {
			isa = XCBuildConfiguration;
			buildSettings = {
				ALWAYS_SEARCH_USER_PATHS = NO;
				CLANG_ANALYZER_NONNULL = YES;
				CLANG_ANALYZER_NUMBER_OBJECT_CONVERSION = YES_AGGRESSIVE;
				CLANG_CXX_LANGUAGE_STANDARD = "gnu++20";
				CLANG_ENABLE_MODULES = YES;
				CLANG_ENABLE_OBJC_ARC = YES;
				CLANG_ENABLE_OBJC_WEAK = YES;
				CLANG_WARN_BLOCK_CAPTURE_AUTORELEASING = YES;
				CLANG_WARN_BOOL_CONVERSION = YES;
				CLANG_WARN_COMMA = YES;
				CLANG_WARN_CONSTANT_CONVERSION = YES;
				CLANG_WARN_DEPRECATED_OBJC_IMPLEMENTATIONS = YES;
				CLANG_WARN_DIRECT_OBJC_ISA_USAGE = YES_ERROR;
				CLANG_WARN_DOCUMENTATION_COMMENTS = YES;
				CLANG_WARN_EMPTY_BODY = YES;
				CLANG_WARN_ENUM_CONVERSION = YES;
				CLANG_WARN_INFINITE_RECURSION = YES;
				CLANG_WARN_INT_CONVERSION = YES;
				CLANG_WARN_NON_LITERAL_NULL_CONVERSION = YES;
				CLANG_WARN_OBJC_IMPLICIT_RETAIN_SELF = YES;
				CLANG_WARN_OBJC_LITERAL_CONVERSION = YES;
				CLANG_WARN_OBJC_ROOT_CLASS = YES_ERROR;
				CLANG_WARN_QUOTED_INCLUDE_IN_FRAMEWORK_HEADER = YES;
				CLANG_WARN_RANGE_LOOP_ANALYSIS = YES;
				CLANG_WARN_STRICT_PROTOTYPES = YES;
				CLANG_WARN_SUSPICIOUS_MOVE = YES;
				CLANG_WARN_UNGUARDED_AVAILABILITY = YES_AGGRESSIVE;
				CLANG_WARN_UNREACHABLE_CODE = YES;
				CLANG_WARN__DUPLICATE_METHOD_MATCH = YES;
				COPY_PHASE_STRIP = NO;
				DEBUG_INFORMATION_FORMAT = dwarf;
				ENABLE_STRICT_OBJC_MSGSEND = YES;
				ENABLE_TESTABILITY = YES;
				GCC_C_LANGUAGE_STANDARD = gnu11;
				GCC_DYNAMIC_NO_PIC = NO;
				GCC_NO_COMMON_BLOCKS = YES;
				GCC_OPTIMIZATION_LEVEL = 0;
				GCC_PREPROCESSOR_DEFINITIONS = (
					"DEBUG=1",
					"$(inherited)",
				);
				GCC_WARN_64_TO_32_BIT_CONVERSION = YES;
				GCC_WARN_ABOUT_RETURN_TYPE = YES_ERROR;
				GCC_WARN_UNDECLARED_SELECTOR = YES;
				GCC_WARN_UNINITIALIZED_AUTOS = YES_AGGRESSIVE;
				GCC_WARN_UNUSED_FUNCTION = YES;
				GCC_WARN_UNUSED_VARIABLE = YES;
				IPHONEOS_DEPLOYMENT_TARGET = 16.2;
				MTL_ENABLE_DEBUG_INFO = INCLUDE_SOURCE;
				MTL_FAST_MATH = YES;
				ONLY_ACTIVE_ARCH = YES;
				SDKROOT = iphoneos;
				SWIFT_ACTIVE_COMPILATION_CONDITIONS = DEBUG;
				SWIFT_OPTIMIZATION_LEVEL = "-Onone";
			};
			name = Debug;
		};
		A36961F42A2EF0DA00C283A4 /* Release */ = {
			isa = XCBuildConfiguration;
			buildSettings = {
				ALWAYS_SEARCH_USER_PATHS = NO;
				CLANG_ANALYZER_NONNULL = YES;
				CLANG_ANALYZER_NUMBER_OBJECT_CONVERSION = YES_AGGRESSIVE;
				CLANG_CXX_LANGUAGE_STANDARD = "gnu++20";
				CLANG_ENABLE_MODULES = YES;
				CLANG_ENABLE_OBJC_ARC = YES;
				CLANG_ENABLE_OBJC_WEAK = YES;
				CLANG_WARN_BLOCK_CAPTURE_AUTORELEASING = YES;
				CLANG_WARN_BOOL_CONVERSION = YES;
				CLANG_WARN_COMMA = YES;
				CLANG_WARN_CONSTANT_CONVERSION = YES;
				CLANG_WARN_DEPRECATED_OBJC_IMPLEMENTATIONS = YES;
				CLANG_WARN_DIRECT_OBJC_ISA_USAGE = YES_ERROR;
				CLANG_WARN_DOCUMENTATION_COMMENTS = YES;
				CLANG_WARN_EMPTY_BODY = YES;
				CLANG_WARN_ENUM_CONVERSION = YES;
				CLANG_WARN_INFINITE_RECURSION = YES;
				CLANG_WARN_INT_CONVERSION = YES;
				CLANG_WARN_NON_LITERAL_NULL_CONVERSION = YES;
				CLANG_WARN_OBJC_IMPLICIT_RETAIN_SELF = YES;
				CLANG_WARN_OBJC_LITERAL_CONVERSION = YES;
				CLANG_WARN_OBJC_ROOT_CLASS = YES_ERROR;
				CLANG_WARN_QUOTED_INCLUDE_IN_FRAMEWORK_HEADER = YES;
				CLANG_WARN_RANGE_LOOP_ANALYSIS = YES;
				CLANG_WARN_STRICT_PROTOTYPES = YES;
				CLANG_WARN_SUSPICIOUS_MOVE = YES;
				CLANG_WARN_UNGUARDED_AVAILABILITY = YES_AGGRESSIVE;
				CLANG_WARN_UNREACHABLE_CODE = YES;
				CLANG_WARN__DUPLICATE_METHOD_MATCH = YES;
				COPY_PHASE_STRIP = NO;
				DEBUG_INFORMATION_FORMAT = "dwarf-with-dsym";
				ENABLE_NS_ASSERTIONS = NO;
				ENABLE_STRICT_OBJC_MSGSEND = YES;
				GCC_C_LANGUAGE_STANDARD = gnu11;
				GCC_NO_COMMON_BLOCKS = YES;
				GCC_WARN_64_TO_32_BIT_CONVERSION = YES;
				GCC_WARN_ABOUT_RETURN_TYPE = YES_ERROR;
				GCC_WARN_UNDECLARED_SELECTOR = YES;
				GCC_WARN_UNINITIALIZED_AUTOS = YES_AGGRESSIVE;
				GCC_WARN_UNUSED_FUNCTION = YES;
				GCC_WARN_UNUSED_VARIABLE = YES;
				IPHONEOS_DEPLOYMENT_TARGET = 16.2;
				MTL_ENABLE_DEBUG_INFO = NO;
				MTL_FAST_MATH = YES;
				SDKROOT = iphoneos;
				SWIFT_COMPILATION_MODE = wholemodule;
				SWIFT_OPTIMIZATION_LEVEL = "-O";
				VALIDATE_PRODUCT = YES;
			};
			name = Release;
		};
		A36961F62A2EF0DA00C283A4 /* Debug */ = {
			isa = XCBuildConfiguration;
			buildSettings = {
				ASSETCATALOG_COMPILER_APPICON_NAME = AppIcon;
				ASSETCATALOG_COMPILER_GLOBAL_ACCENT_COLOR_NAME = AccentColor;
				CODE_SIGN_STYLE = Automatic;
				CURRENT_PROJECT_VERSION = 1;
				GENERATE_INFOPLIST_FILE = YES;
				INFOPLIST_FILE = Map/Info.plist;
				INFOPLIST_KEY_UIApplicationSupportsIndirectInputEvents = YES;
				INFOPLIST_KEY_UILaunchStoryboardName = LaunchScreen;
				INFOPLIST_KEY_UIMainStoryboardFile = Main;
				INFOPLIST_KEY_UISupportedInterfaceOrientations_iPad = "UIInterfaceOrientationPortrait UIInterfaceOrientationPortraitUpsideDown UIInterfaceOrientationLandscapeLeft UIInterfaceOrientationLandscapeRight";
				INFOPLIST_KEY_UISupportedInterfaceOrientations_iPhone = "UIInterfaceOrientationPortrait UIInterfaceOrientationLandscapeLeft UIInterfaceOrientationLandscapeRight";
				LD_RUNPATH_SEARCH_PATHS = (
					"$(inherited)",
					"@executable_path/Frameworks",
				);
				MARKETING_VERSION = 1.0;
				PRODUCT_BUNDLE_IDENTIFIER = rmw.iosswift.Map;
				PRODUCT_NAME = "$(TARGET_NAME)";
				SWIFT_EMIT_LOC_STRINGS = YES;
				SWIFT_VERSION = 5.0;
				TARGETED_DEVICE_FAMILY = "1,2";
			};
			name = Debug;
		};
		A36961F72A2EF0DA00C283A4 /* Release */ = {
			isa = XCBuildConfiguration;
			buildSettings = {
				ASSETCATALOG_COMPILER_APPICON_NAME = AppIcon;
				ASSETCATALOG_COMPILER_GLOBAL_ACCENT_COLOR_NAME = AccentColor;
				CODE_SIGN_STYLE = Automatic;
				CURRENT_PROJECT_VERSION = 1;
				GENERATE_INFOPLIST_FILE = YES;
				INFOPLIST_FILE = Map/Info.plist;
				INFOPLIST_KEY_UIApplicationSupportsIndirectInputEvents = YES;
				INFOPLIST_KEY_UILaunchStoryboardName = LaunchScreen;
				INFOPLIST_KEY_UIMainStoryboardFile = Main;
				INFOPLIST_KEY_UISupportedInterfaceOrientations_iPad = "UIInterfaceOrientationPortrait UIInterfaceOrientationPortraitUpsideDown UIInterfaceOrientationLandscapeLeft UIInterfaceOrientationLandscapeRight";
				INFOPLIST_KEY_UISupportedInterfaceOrientations_iPhone = "UIInterfaceOrientationPortrait UIInterfaceOrientationLandscapeLeft UIInterfaceOrientationLandscapeRight";
				LD_RUNPATH_SEARCH_PATHS = (
					"$(inherited)",
					"@executable_path/Frameworks",
				);
				MARKETING_VERSION = 1.0;
				PRODUCT_BUNDLE_IDENTIFIER = rmw.iosswift.Map;
				PRODUCT_NAME = "$(TARGET_NAME)";
				SWIFT_EMIT_LOC_STRINGS = YES;
				SWIFT_VERSION = 5.0;
				TARGETED_DEVICE_FAMILY = "1,2";
			};
			name = Release;
		};
		A36961F92A2EF0DA00C283A4 /* Debug */ = {
			isa = XCBuildConfiguration;
			buildSettings = {
				ALWAYS_EMBED_SWIFT_STANDARD_LIBRARIES = YES;
				BUNDLE_LOADER = "$(TEST_HOST)";
				CODE_SIGN_STYLE = Automatic;
				CURRENT_PROJECT_VERSION = 1;
				GENERATE_INFOPLIST_FILE = YES;
				IPHONEOS_DEPLOYMENT_TARGET = 16.2;
				MARKETING_VERSION = 1.0;
				PRODUCT_BUNDLE_IDENTIFIER = rmw.iosswift.MapTests;
				PRODUCT_NAME = "$(TARGET_NAME)";
				SWIFT_EMIT_LOC_STRINGS = NO;
				SWIFT_VERSION = 5.0;
				TARGETED_DEVICE_FAMILY = "1,2";
				TEST_HOST = "$(BUILT_PRODUCTS_DIR)/Map.app/$(BUNDLE_EXECUTABLE_FOLDER_PATH)/Map";
			};
			name = Debug;
		};
		A36961FA2A2EF0DA00C283A4 /* Release */ = {
			isa = XCBuildConfiguration;
			buildSettings = {
				ALWAYS_EMBED_SWIFT_STANDARD_LIBRARIES = YES;
				BUNDLE_LOADER = "$(TEST_HOST)";
				CODE_SIGN_STYLE = Automatic;
				CURRENT_PROJECT_VERSION = 1;
				GENERATE_INFOPLIST_FILE = YES;
				IPHONEOS_DEPLOYMENT_TARGET = 16.2;
				MARKETING_VERSION = 1.0;
				PRODUCT_BUNDLE_IDENTIFIER = rmw.iosswift.MapTests;
				PRODUCT_NAME = "$(TARGET_NAME)";
				SWIFT_EMIT_LOC_STRINGS = NO;
				SWIFT_VERSION = 5.0;
				TARGETED_DEVICE_FAMILY = "1,2";
				TEST_HOST = "$(BUILT_PRODUCTS_DIR)/Map.app/$(BUNDLE_EXECUTABLE_FOLDER_PATH)/Map";
			};
			name = Release;
		};
		A36961FC2A2EF0DA00C283A4 /* Debug */ = {
			isa = XCBuildConfiguration;
			buildSettings = {
				ALWAYS_EMBED_SWIFT_STANDARD_LIBRARIES = YES;
				CODE_SIGN_STYLE = Automatic;
				CURRENT_PROJECT_VERSION = 1;
				GENERATE_INFOPLIST_FILE = YES;
				MARKETING_VERSION = 1.0;
				PRODUCT_BUNDLE_IDENTIFIER = rmw.iosswift.MapUITests;
				PRODUCT_NAME = "$(TARGET_NAME)";
				SWIFT_EMIT_LOC_STRINGS = NO;
				SWIFT_VERSION = 5.0;
				TARGETED_DEVICE_FAMILY = "1,2";
				TEST_TARGET_NAME = Map;
			};
			name = Debug;
		};
		A36961FD2A2EF0DA00C283A4 /* Release */ = {
			isa = XCBuildConfiguration;
			buildSettings = {
				ALWAYS_EMBED_SWIFT_STANDARD_LIBRARIES = YES;
				CODE_SIGN_STYLE = Automatic;
				CURRENT_PROJECT_VERSION = 1;
				GENERATE_INFOPLIST_FILE = YES;
				MARKETING_VERSION = 1.0;
				PRODUCT_BUNDLE_IDENTIFIER = rmw.iosswift.MapUITests;
				PRODUCT_NAME = "$(TARGET_NAME)";
				SWIFT_EMIT_LOC_STRINGS = NO;
				SWIFT_VERSION = 5.0;
				TARGETED_DEVICE_FAMILY = "1,2";
				TEST_TARGET_NAME = Map;
			};
			name = Release;
		};
/* End XCBuildConfiguration section */

/* Begin XCConfigurationList section */
		A36961C62A2EF0D900C283A4 /* Build configuration list for PBXProject "Map" */ = {
			isa = XCConfigurationList;
			buildConfigurations = (
				A36961F32A2EF0DA00C283A4 /* Debug */,
				A36961F42A2EF0DA00C283A4 /* Release */,
			);
			defaultConfigurationIsVisible = 0;
			defaultConfigurationName = Release;
		};
		A36961F52A2EF0DA00C283A4 /* Build configuration list for PBXNativeTarget "Map" */ = {
			isa = XCConfigurationList;
			buildConfigurations = (
				A36961F62A2EF0DA00C283A4 /* Debug */,
				A36961F72A2EF0DA00C283A4 /* Release */,
			);
			defaultConfigurationIsVisible = 0;
			defaultConfigurationName = Release;
		};
		A36961F82A2EF0DA00C283A4 /* Build configuration list for PBXNativeTarget "MapTests" */ = {
			isa = XCConfigurationList;
			buildConfigurations = (
				A36961F92A2EF0DA00C283A4 /* Debug */,
				A36961FA2A2EF0DA00C283A4 /* Release */,
			);
			defaultConfigurationIsVisible = 0;
			defaultConfigurationName = Release;
		};
		A36961FB2A2EF0DA00C283A4 /* Build configuration list for PBXNativeTarget "MapUITests" */ = {
			isa = XCConfigurationList;
			buildConfigurations = (
				A36961FC2A2EF0DA00C283A4 /* Debug */,
				A36961FD2A2EF0DA00C283A4 /* Release */,
			);
			defaultConfigurationIsVisible = 0;
			defaultConfigurationName = Release;
		};
/* End XCConfigurationList section */
	};
	rootObject = A36961C32A2EF0D900C283A4 /* Project object */;
}
